
Microsoft Visual Studio Solution File, Format Version 12.00
# Visual Studio 15
Project("{FAE04EC0-301F-11D3-BF4B-00C04F79EFBC}") = "UnityEngine.TestRunner", "UnityEngine.TestRunner.csproj", "{231B8574-8F39-8573-15CA-124FA6676948}"
EndProject
Project("{FAE04EC0-301F-11D3-BF4B-00C04F79EFBC}") = "Unity.Mathematics", "Unity.Mathematics.csproj", "{90ECFBC3-0A43-8AF9-F3B2-07399EB6E5E0}"
EndProject
Project("{FAE04EC0-301F-11D3-BF4B-00C04F79EFBC}") = "Unity.Timeline", "Unity.Timeline.csproj", "{165FE643-D864-F1CC-8D91-34197C188A29}"
EndProject
Project("{FAE04EC0-301F-11D3-BF4B-00C04F79EFBC}") = "UnityEngine.UI", "UnityEngine.UI.csproj", "{7F6C4798-AEB0-DCB2-21C2-7726F92824CE}"
EndProject
Project("{FAE04EC0-301F-11D3-BF4B-00C04F79EFBC}") = "Unity.TextMeshPro", "Unity.TextMeshPro.csproj", "{35C60529-EF74-34B6-BE16-47841C7DC615}"
EndProject
Project("{FAE04EC0-301F-11D3-BF4B-00C04F79EFBC}") = "Unity.2D.Animation.Runtime", "Unity.2D.Animation.Runtime.csproj", "{EA0DEEEE-E504-E9B2-4228-88B5FE059B71}"
EndProject
Project("{FAE04EC0-301F-11D3-BF4B-00C04F79EFBC}") = "Assembly-CSharp", "Assembly-CSharp.csproj", "{42FE4913-D865-7039-2E2E-049E1540987F}"
EndProject
Project("{FAE04EC0-301F-11D3-BF4B-00C04F79EFBC}") = "Unity.2D.IK.Runtime", "Unity.2D.IK.Runtime.csproj", "{682B4206-98FE-F8CC-1781-AD52C043691C}"
EndProject
Project("{FAE04EC0-301F-11D3-BF4B-00C04F79EFBC}") = "Unity.2D.SpriteShape.Runtime", "Unity.2D.SpriteShape.Runtime.csproj", "{D679A93F-C57B-F3BF-B400-E58C48013F3C}"
EndProject
Project("{FAE04EC0-301F-11D3-BF4B-00C04F79EFBC}") = "Unity.2D.PixelPerfect", "Unity.2D.PixelPerfect.csproj", "{F5D45FA9-7F31-E625-9AC9-9231A852B712}"
EndProject
Project("{FAE04EC0-301F-11D3-BF4B-00C04F79EFBC}") = "Unity.2D.Common.Runtime", "Unity.2D.Common.Runtime.csproj", "{005522F0-D7DC-A783-C24B-CDA6862BEAB2}"
EndProject
Project("{FAE04EC0-301F-11D3-BF4B-00C04F79EFBC}") = "Unity.InternalAPIEngineBridge.001", "Unity.InternalAPIEngineBridge.001.csproj", "{E466B6FF-FE4E-8F1F-3CBB-72896679DFF1}"
EndProject
Project("{FAE04EC0-301F-11D3-BF4B-00C04F79EFBC}") = "UnityEditor.TestRunner", "UnityEditor.TestRunner.csproj", "{7F51D98F-C297-DE48-3063-5D67D3D4BC16}"
EndProject
Project("{FAE04EC0-301F-11D3-BF4B-00C04F79EFBC}") = "Unity.PlasticSCM.Editor", "Unity.PlasticSCM.Editor.csproj", "{7A3725E0-DC74-D4F2-43EA-2365A6A3A9AE}"
EndProject
Project("{FAE04EC0-301F-11D3-BF4B-00C04F79EFBC}") = "Unity.2D.Animation.Triangle.Editor", "Unity.2D.Animation.Triangle.Editor.csproj", "{FBF159E7-2533-7151-A25F-2006DA5EF1B1}"
EndProject
Project("{FAE04EC0-301F-11D3-BF4B-00C04F79EFBC}") = "UnityEditor.UI", "UnityEditor.UI.csproj", "{703D9FA9-B80D-6C89-CD0D-DF3856C14708}"
EndProject
Project("{FAE04EC0-301F-11D3-BF4B-00C04F79EFBC}") = "Unity.Services.Core.Editor", "Unity.Services.Core.Editor.csproj", "{58C20815-9434-3A21-FD95-61A873901BB8}"
EndProject
Project("{FAE04EC0-301F-11D3-BF4B-00C04F79EFBC}") = "Unity.Timeline.Editor", "Unity.Timeline.Editor.csproj", "{AA4F5A0F-CD37-9CA8-8CDC-B2B6662412B6}"
EndProject
Project("{FAE04EC0-301F-11D3-BF4B-00C04F79EFBC}") = "Unity.VisualStudio.Editor", "Unity.VisualStudio.Editor.csproj", "{76FD065C-1FE7-9EA1-10B9-8DEC169A3B92}"
EndProject
Project("{FAE04EC0-301F-11D3-BF4B-00C04F79EFBC}") = "Unity.2D.Psdimporter.Editor", "Unity.2D.Psdimporter.Editor.csproj", "{A50E98B3-6241-8B66-AEC5-F649D5732606}"
EndProject
Project("{FAE04EC0-301F-11D3-BF4B-00C04F79EFBC}") = "Unity.2D.Animation.Editor", "Unity.2D.Animation.Editor.csproj", "{8852B4A8-557B-FDF7-DDEB-78838C7470EA}"
EndProject
Project("{FAE04EC0-301F-11D3-BF4B-00C04F79EFBC}") = "Unity.TextMeshPro.Editor", "Unity.TextMeshPro.Editor.csproj", "{CDACB4DC-0F58-8F8F-73B0-CA3E0E5AF4FC}"
EndProject
Project("{FAE04EC0-301F-11D3-BF4B-00C04F79EFBC}") = "Unity.2D.SpriteShape.Editor", "Unity.2D.SpriteShape.Editor.csproj", "{411B24F7-BBEC-18CD-6395-27F2A81172C9}"
EndProject
Project("{FAE04EC0-301F-11D3-BF4B-00C04F79EFBC}") = "Unity.CollabProxy.Editor", "Unity.CollabProxy.Editor.csproj", "{DC52912C-F62A-E368-649B-F348C2A0DED8}"
EndProject
Project("{FAE04EC0-301F-11D3-BF4B-00C04F79EFBC}") = "PsdPlugin", "PsdPlugin.csproj", "{C602DE20-A1F5-85F7-707D-B7B6B8841FAE}"
EndProject
Project("{FAE04EC0-301F-11D3-BF4B-00C04F79EFBC}") = "Unity.2D.Path.Editor", "Unity.2D.Path.Editor.csproj", "{6C183565-3634-6C14-6F90-C6F0E0D97CE3}"
EndProject
Project("{FAE04EC0-301F-11D3-BF4B-00C04F79EFBC}") = "Unity.Rider.Editor", "Unity.Rider.Editor.csproj", "{6F79C46E-F958-92A8-D972-4A2325A6F4F9}"
EndProject
Project("{FAE04EC0-301F-11D3-BF4B-00C04F79EFBC}") = "Unity.2D.IK.Editor", "Unity.2D.IK.Editor.csproj", "{AB092092-F73A-44D0-25BD-A9CA43E1FE24}"
EndProject
Project("{FAE04EC0-301F-11D3-BF4B-00C04F79EFBC}") = "Unity.2D.Sprite.Editor", "Unity.2D.Sprite.Editor.csproj", "{062D13A9-75C4-02B3-BE27-5DC980E0844B}"
EndProject
Project("{FAE04EC0-301F-11D3-BF4B-00C04F79EFBC}") = "Unity.2D.Tilemap.Editor", "Unity.2D.Tilemap.Editor.csproj", "{A3807B9B-C3BC-1284-9DC0-73CE71943B3A}"
EndProject
Project("{FAE04EC0-301F-11D3-BF4B-00C04F79EFBC}") = "Unity.2D.PixelPerfect.Editor", "Unity.2D.PixelPerfect.Editor.csproj", "{EFAAD1D9-32F7-C889-7AA6-D34502EB617D}"
EndProject
Project("{FAE04EC0-301F-11D3-BF4B-00C04F79EFBC}") = "Unity.VSCode.Editor", "Unity.VSCode.Editor.csproj", "{5D0D23BF-CE30-C4EB-3A43-7E4FFFA52B88}"
EndProject
Project("{FAE04EC0-301F-11D3-BF4B-00C04F79EFBC}") = "Unity.2D.Common.Editor", "Unity.2D.Common.Editor.csproj", "{64A2BAD7-3448-8887-59BD-F5FDB9F75F18}"
EndProject
Project("{FAE04EC0-301F-11D3-BF4B-00C04F79EFBC}") = "Unity.Mathematics.Editor", "Unity.Mathematics.Editor.csproj", "{A3BBF560-B0CB-D6B9-5E12-1312AC2D9FCB}"
EndProject
Project("{FAE04EC0-301F-11D3-BF4B-00C04F79EFBC}") = "Unity.InternalAPIEditorBridge.001", "Unity.InternalAPIEditorBridge.001.csproj", "{67BBDEE8-55A0-130E-9BD4-FFA070FF3F12}"
EndProject
Project("{FAE04EC0-301F-11D3-BF4B-00C04F79EFBC}") = "UnityEngine.TestRunner", "UnityEngine.TestRunner.Player.csproj", "{8ED988B9-6FB4-E54F-3706-F796248C231E}"
EndProject
Project("{FAE04EC0-301F-11D3-BF4B-00C04F79EFBC}") = "Unity.Mathematics", "Unity.Mathematics.Player.csproj", "{6E0B5D90-B50B-4F66-1E81-E616B269BA96}"
EndProject
Project("{FAE04EC0-301F-11D3-BF4B-00C04F79EFBC}") = "Unity.Timeline", "Unity.Timeline.Player.csproj", "{49E19F54-2207-5EE9-29DB-750C79B3F89F}"
EndProject
Project("{FAE04EC0-301F-11D3-BF4B-00C04F79EFBC}") = "UnityEngine.UI", "UnityEngine.UI.Player.csproj", "{FFB14638-0CBD-691E-A763-63C7A4B94382}"
EndProject
Project("{FAE04EC0-301F-11D3-BF4B-00C04F79EFBC}") = "Unity.TextMeshPro", "Unity.TextMeshPro.Player.csproj", "{53C0FF04-C9EF-CB7C-BCD5-F9F5742D6C2A}"
EndProject
Project("{FAE04EC0-301F-11D3-BF4B-00C04F79EFBC}") = "Unity.2D.Animation.Runtime", "Unity.2D.Animation.Runtime.Player.csproj", "{39579E4A-B91C-7F38-40B3-AD715BA53CFD}"
EndProject
Project("{FAE04EC0-301F-11D3-BF4B-00C04F79EFBC}") = "Assembly-CSharp", "Assembly-CSharp.Player.csproj", "{F043B2DD-752C-FBB4-088A-E7BB08C9E19E}"
EndProject
Project("{FAE04EC0-301F-11D3-BF4B-00C04F79EFBC}") = "Unity.2D.IK.Runtime", "Unity.2D.IK.Runtime.Player.csproj", "{FFAEAF1E-CAAF-7EEF-3D92-799BCFE63B35}"
EndProject
Project("{FAE04EC0-301F-11D3-BF4B-00C04F79EFBC}") = "Unity.2D.SpriteShape.Runtime", "Unity.2D.SpriteShape.Runtime.Player.csproj", "{320F870F-76DB-D01F-6D1D-FA2FB95960BC}"
EndProject
Project("{FAE04EC0-301F-11D3-BF4B-00C04F79EFBC}") = "Unity.2D.PixelPerfect", "Unity.2D.PixelPerfect.Player.csproj", "{5F466085-10E3-07F2-FC2E-C79D66245849}"
EndProject
Project("{FAE04EC0-301F-11D3-BF4B-00C04F79EFBC}") = "Unity.2D.Common.Runtime", "Unity.2D.Common.Runtime.Player.csproj", "{2EB6E542-B29C-4ECB-038F-F8AB057EDA1A}"
EndProject
Project("{FAE04EC0-301F-11D3-BF4B-00C04F79EFBC}") = "Unity.InternalAPIEngineBridge.001", "Unity.InternalAPIEngineBridge.001.Player.csproj", "{2DD04594-AE5A-7929-28BA-CE8D166C26D2}"
EndProject
Global
	GlobalSection(SolutionConfigurationPlatforms) = preSolution
		Debug|Any CPU = Debug|Any CPU
		Release|Any CPU = Release|Any CPU
	EndGlobalSection
	GlobalSection(ProjectConfigurationPlatforms) = postSolution
		{231B8574-8F39-8573-15CA-124FA6676948}.Debug|Any CPU.ActiveCfg = Debug|Any CPU
		{231B8574-8F39-8573-15CA-124FA6676948}.Debug|Any CPU.Build.0 = Debug|Any CPU
		{231B8574-8F39-8573-15CA-124FA6676948}.Release|Any CPU.ActiveCfg = Release|Any CPU
		{231B8574-8F39-8573-15CA-124FA6676948}.Release|Any CPU.Build.0 = Release|Any CPU
		{90ECFBC3-0A43-8AF9-F3B2-07399EB6E5E0}.Debug|Any CPU.ActiveCfg = Debug|Any CPU
		{90ECFBC3-0A43-8AF9-F3B2-07399EB6E5E0}.Debug|Any CPU.Build.0 = Debug|Any CPU
		{90ECFBC3-0A43-8AF9-F3B2-07399EB6E5E0}.Release|Any CPU.ActiveCfg = Release|Any CPU
		{90ECFBC3-0A43-8AF9-F3B2-07399EB6E5E0}.Release|Any CPU.Build.0 = Release|Any CPU
		{165FE643-D864-F1CC-8D91-34197C188A29}.Debug|Any CPU.ActiveCfg = Debug|Any CPU
		{165FE643-D864-F1CC-8D91-34197C188A29}.Debug|Any CPU.Build.0 = Debug|Any CPU
		{165FE643-D864-F1CC-8D91-34197C188A29}.Release|Any CPU.ActiveCfg = Release|Any CPU
		{165FE643-D864-F1CC-8D91-34197C188A29}.Release|Any CPU.Build.0 = Release|Any CPU
		{7F6C4798-AEB0-DCB2-21C2-7726F92824CE}.Debug|Any CPU.ActiveCfg = Debug|Any CPU
		{7F6C4798-AEB0-DCB2-21C2-7726F92824CE}.Debug|Any CPU.Build.0 = Debug|Any CPU
		{7F6C4798-AEB0-DCB2-21C2-7726F92824CE}.Release|Any CPU.ActiveCfg = Release|Any CPU
		{7F6C4798-AEB0-DCB2-21C2-7726F92824CE}.Release|Any CPU.Build.0 = Release|Any CPU
		{35C60529-EF74-34B6-BE16-47841C7DC615}.Debug|Any CPU.ActiveCfg = Debug|Any CPU
		{35C60529-EF74-34B6-BE16-47841C7DC615}.Debug|Any CPU.Build.0 = Debug|Any CPU
		{35C60529-EF74-34B6-BE16-47841C7DC615}.Release|Any CPU.ActiveCfg = Release|Any CPU
		{35C60529-EF74-34B6-BE16-47841C7DC615}.Release|Any CPU.Build.0 = Release|Any CPU
		{EA0DEEEE-E504-E9B2-4228-88B5FE059B71}.Debug|Any CPU.ActiveCfg = Debug|Any CPU
		{EA0DEEEE-E504-E9B2-4228-88B5FE059B71}.Debug|Any CPU.Build.0 = Debug|Any CPU
		{EA0DEEEE-E504-E9B2-4228-88B5FE059B71}.Release|Any CPU.ActiveCfg = Release|Any CPU
		{EA0DEEEE-E504-E9B2-4228-88B5FE059B71}.Release|Any CPU.Build.0 = Release|Any CPU
		{42FE4913-D865-7039-2E2E-049E1540987F}.Debug|Any CPU.ActiveCfg = Debug|Any CPU
		{42FE4913-D865-7039-2E2E-049E1540987F}.Debug|Any CPU.Build.0 = Debug|Any CPU
		{42FE4913-D865-7039-2E2E-049E1540987F}.Release|Any CPU.ActiveCfg = Release|Any CPU
		{42FE4913-D865-7039-2E2E-049E1540987F}.Release|Any CPU.Build.0 = Release|Any CPU
		{682B4206-98FE-F8CC-1781-AD52C043691C}.Debug|Any CPU.ActiveCfg = Debug|Any CPU
		{682B4206-98FE-F8CC-1781-AD52C043691C}.Debug|Any CPU.Build.0 = Debug|Any CPU
		{682B4206-98FE-F8CC-1781-AD52C043691C}.Release|Any CPU.ActiveCfg = Release|Any CPU
		{682B4206-98FE-F8CC-1781-AD52C043691C}.Release|Any CPU.Build.0 = Release|Any CPU
		{D679A93F-C57B-F3BF-B400-E58C48013F3C}.Debug|Any CPU.ActiveCfg = Debug|Any CPU
		{D679A93F-C57B-F3BF-B400-E58C48013F3C}.Debug|Any CPU.Build.0 = Debug|Any CPU
		{D679A93F-C57B-F3BF-B400-E58C48013F3C}.Release|Any CPU.ActiveCfg = Release|Any CPU
		{D679A93F-C57B-F3BF-B400-E58C48013F3C}.Release|Any CPU.Build.0 = Release|Any CPU
		{F5D45FA9-7F31-E625-9AC9-9231A852B712}.Debug|Any CPU.ActiveCfg = Debug|Any CPU
		{F5D45FA9-7F31-E625-9AC9-9231A852B712}.Debug|Any CPU.Build.0 = Debug|Any CPU
		{F5D45FA9-7F31-E625-9AC9-9231A852B712}.Release|Any CPU.ActiveCfg = Release|Any CPU
		{F5D45FA9-7F31-E625-9AC9-9231A852B712}.Release|Any CPU.Build.0 = Release|Any CPU
		{005522F0-D7DC-A783-C24B-CDA6862BEAB2}.Debug|Any CPU.ActiveCfg = Debug|Any CPU
		{005522F0-D7DC-A783-C24B-CDA6862BEAB2}.Debug|Any CPU.Build.0 = Debug|Any CPU
		{005522F0-D7DC-A783-C24B-CDA6862BEAB2}.Release|Any CPU.ActiveCfg = Release|Any CPU
		{005522F0-D7DC-A783-C24B-CDA6862BEAB2}.Release|Any CPU.Build.0 = Release|Any CPU
		{E466B6FF-FE4E-8F1F-3CBB-72896679DFF1}.Debug|Any CPU.ActiveCfg = Debug|Any CPU
		{E466B6FF-FE4E-8F1F-3CBB-72896679DFF1}.Debug|Any CPU.Build.0 = Debug|Any CPU
		{E466B6FF-FE4E-8F1F-3CBB-72896679DFF1}.Release|Any CPU.ActiveCfg = Release|Any CPU
		{E466B6FF-FE4E-8F1F-3CBB-72896679DFF1}.Release|Any CPU.Build.0 = Release|Any CPU
		{7F51D98F-C297-DE48-3063-5D67D3D4BC16}.Debug|Any CPU.ActiveCfg = Debug|Any CPU
		{7F51D98F-C297-DE48-3063-5D67D3D4BC16}.Debug|Any CPU.Build.0 = Debug|Any CPU
		{7F51D98F-C297-DE48-3063-5D67D3D4BC16}.Release|Any CPU.ActiveCfg = Release|Any CPU
		{7F51D98F-C297-DE48-3063-5D67D3D4BC16}.Release|Any CPU.Build.0 = Release|Any CPU
		{7A3725E0-DC74-D4F2-43EA-2365A6A3A9AE}.Debug|Any CPU.ActiveCfg = Debug|Any CPU
		{7A3725E0-DC74-D4F2-43EA-2365A6A3A9AE}.Debug|Any CPU.Build.0 = Debug|Any CPU
		{7A3725E0-DC74-D4F2-43EA-2365A6A3A9AE}.Release|Any CPU.ActiveCfg = Release|Any CPU
		{7A3725E0-DC74-D4F2-43EA-2365A6A3A9AE}.Release|Any CPU.Build.0 = Release|Any CPU
		{FBF159E7-2533-7151-A25F-2006DA5EF1B1}.Debug|Any CPU.ActiveCfg = Debug|Any CPU
		{FBF159E7-2533-7151-A25F-2006DA5EF1B1}.Debug|Any CPU.Build.0 = Debug|Any CPU
		{FBF159E7-2533-7151-A25F-2006DA5EF1B1}.Release|Any CPU.ActiveCfg = Release|Any CPU
		{FBF159E7-2533-7151-A25F-2006DA5EF1B1}.Release|Any CPU.Build.0 = Release|Any CPU
		{703D9FA9-B80D-6C89-CD0D-DF3856C14708}.Debug|Any CPU.ActiveCfg = Debug|Any CPU
		{703D9FA9-B80D-6C89-CD0D-DF3856C14708}.Debug|Any CPU.Build.0 = Debug|Any CPU
		{703D9FA9-B80D-6C89-CD0D-DF3856C14708}.Release|Any CPU.ActiveCfg = Release|Any CPU
		{703D9FA9-B80D-6C89-CD0D-DF3856C14708}.Release|Any CPU.Build.0 = Release|Any CPU
		{58C20815-9434-3A21-FD95-61A873901BB8}.Debug|Any CPU.ActiveCfg = Debug|Any CPU
		{58C20815-9434-3A21-FD95-61A873901BB8}.Debug|Any CPU.Build.0 = Debug|Any CPU
		{58C20815-9434-3A21-FD95-61A873901BB8}.Release|Any CPU.ActiveCfg = Release|Any CPU
		{58C20815-9434-3A21-FD95-61A873901BB8}.Release|Any CPU.Build.0 = Release|Any CPU
		{AA4F5A0F-CD37-9CA8-8CDC-B2B6662412B6}.Debug|Any CPU.ActiveCfg = Debug|Any CPU
		{AA4F5A0F-CD37-9CA8-8CDC-B2B6662412B6}.Debug|Any CPU.Build.0 = Debug|Any CPU
		{AA4F5A0F-CD37-9CA8-8CDC-B2B6662412B6}.Release|Any CPU.ActiveCfg = Release|Any CPU
		{AA4F5A0F-CD37-9CA8-8CDC-B2B6662412B6}.Release|Any CPU.Build.0 = Release|Any CPU
		{76FD065C-1FE7-9EA1-10B9-8DEC169A3B92}.Debug|Any CPU.ActiveCfg = Debug|Any CPU
		{76FD065C-1FE7-9EA1-10B9-8DEC169A3B92}.Debug|Any CPU.Build.0 = Debug|Any CPU
		{76FD065C-1FE7-9EA1-10B9-8DEC169A3B92}.Release|Any CPU.ActiveCfg = Release|Any CPU
		{76FD065C-1FE7-9EA1-10B9-8DEC169A3B92}.Release|Any CPU.Build.0 = Release|Any CPU
		{A50E98B3-6241-8B66-AEC5-F649D5732606}.Debug|Any CPU.ActiveCfg = Debug|Any CPU
		{A50E98B3-6241-8B66-AEC5-F649D5732606}.Debug|Any CPU.Build.0 = Debug|Any CPU
		{A50E98B3-6241-8B66-AEC5-F649D5732606}.Release|Any CPU.ActiveCfg = Release|Any CPU
		{A50E98B3-6241-8B66-AEC5-F649D5732606}.Release|Any CPU.Build.0 = Release|Any CPU
		{8852B4A8-557B-FDF7-DDEB-78838C7470EA}.Debug|Any CPU.ActiveCfg = Debug|Any CPU
		{8852B4A8-557B-FDF7-DDEB-78838C7470EA}.Debug|Any CPU.Build.0 = Debug|Any CPU
		{8852B4A8-557B-FDF7-DDEB-78838C7470EA}.Release|Any CPU.ActiveCfg = Release|Any CPU
		{8852B4A8-557B-FDF7-DDEB-78838C7470EA}.Release|Any CPU.Build.0 = Release|Any CPU
		{CDACB4DC-0F58-8F8F-73B0-CA3E0E5AF4FC}.Debug|Any CPU.ActiveCfg = Debug|Any CPU
		{CDACB4DC-0F58-8F8F-73B0-CA3E0E5AF4FC}.Debug|Any CPU.Build.0 = Debug|Any CPU
		{CDACB4DC-0F58-8F8F-73B0-CA3E0E5AF4FC}.Release|Any CPU.ActiveCfg = Release|Any CPU
		{CDACB4DC-0F58-8F8F-73B0-CA3E0E5AF4FC}.Release|Any CPU.Build.0 = Release|Any CPU
		{411B24F7-BBEC-18CD-6395-27F2A81172C9}.Debug|Any CPU.ActiveCfg = Debug|Any CPU
		{411B24F7-BBEC-18CD-6395-27F2A81172C9}.Debug|Any CPU.Build.0 = Debug|Any CPU
		{411B24F7-BBEC-18CD-6395-27F2A81172C9}.Release|Any CPU.ActiveCfg = Release|Any CPU
		{411B24F7-BBEC-18CD-6395-27F2A81172C9}.Release|Any CPU.Build.0 = Release|Any CPU
		{DC52912C-F62A-E368-649B-F348C2A0DED8}.Debug|Any CPU.ActiveCfg = Debug|Any CPU
		{DC52912C-F62A-E368-649B-F348C2A0DED8}.Debug|Any CPU.Build.0 = Debug|Any CPU
		{DC52912C-F62A-E368-649B-F348C2A0DED8}.Release|Any CPU.ActiveCfg = Release|Any CPU
		{DC52912C-F62A-E368-649B-F348C2A0DED8}.Release|Any CPU.Build.0 = Release|Any CPU
		{C602DE20-A1F5-85F7-707D-B7B6B8841FAE}.Debug|Any CPU.ActiveCfg = Debug|Any CPU
		{C602DE20-A1F5-85F7-707D-B7B6B8841FAE}.Debug|Any CPU.Build.0 = Debug|Any CPU
		{C602DE20-A1F5-85F7-707D-B7B6B8841FAE}.Release|Any CPU.ActiveCfg = Release|Any CPU
		{C602DE20-A1F5-85F7-707D-B7B6B8841FAE}.Release|Any CPU.Build.0 = Release|Any CPU
		{6C183565-3634-6C14-6F90-C6F0E0D97CE3}.Debug|Any CPU.ActiveCfg = Debug|Any CPU
		{6C183565-3634-6C14-6F90-C6F0E0D97CE3}.Debug|Any CPU.Build.0 = Debug|Any CPU
		{6C183565-3634-6C14-6F90-C6F0E0D97CE3}.Release|Any CPU.ActiveCfg = Release|Any CPU
		{6C183565-3634-6C14-6F90-C6F0E0D97CE3}.Release|Any CPU.Build.0 = Release|Any CPU
		{6F79C46E-F958-92A8-D972-4A2325A6F4F9}.Debug|Any CPU.ActiveCfg = Debug|Any CPU
		{6F79C46E-F958-92A8-D972-4A2325A6F4F9}.Debug|Any CPU.Build.0 = Debug|Any CPU
		{6F79C46E-F958-92A8-D972-4A2325A6F4F9}.Release|Any CPU.ActiveCfg = Release|Any CPU
		{6F79C46E-F958-92A8-D972-4A2325A6F4F9}.Release|Any CPU.Build.0 = Release|Any CPU
		{AB092092-F73A-44D0-25BD-A9CA43E1FE24}.Debug|Any CPU.ActiveCfg = Debug|Any CPU
		{AB092092-F73A-44D0-25BD-A9CA43E1FE24}.Debug|Any CPU.Build.0 = Debug|Any CPU
		{AB092092-F73A-44D0-25BD-A9CA43E1FE24}.Release|Any CPU.ActiveCfg = Release|Any CPU
		{AB092092-F73A-44D0-25BD-A9CA43E1FE24}.Release|Any CPU.Build.0 = Release|Any CPU
		{062D13A9-75C4-02B3-BE27-5DC980E0844B}.Debug|Any CPU.ActiveCfg = Debug|Any CPU
		{062D13A9-75C4-02B3-BE27-5DC980E0844B}.Debug|Any CPU.Build.0 = Debug|Any CPU
		{062D13A9-75C4-02B3-BE27-5DC980E0844B}.Release|Any CPU.ActiveCfg = Release|Any CPU
		{062D13A9-75C4-02B3-BE27-5DC980E0844B}.Release|Any CPU.Build.0 = Release|Any CPU
		{A3807B9B-C3BC-1284-9DC0-73CE71943B3A}.Debug|Any CPU.ActiveCfg = Debug|Any CPU
		{A3807B9B-C3BC-1284-9DC0-73CE71943B3A}.Debug|Any CPU.Build.0 = Debug|Any CPU
		{A3807B9B-C3BC-1284-9DC0-73CE71943B3A}.Release|Any CPU.ActiveCfg = Release|Any CPU
		{A3807B9B-C3BC-1284-9DC0-73CE71943B3A}.Release|Any CPU.Build.0 = Release|Any CPU
		{EFAAD1D9-32F7-C889-7AA6-D34502EB617D}.Debug|Any CPU.ActiveCfg = Debug|Any CPU
		{EFAAD1D9-32F7-C889-7AA6-D34502EB617D}.Debug|Any CPU.Build.0 = Debug|Any CPU
		{EFAAD1D9-32F7-C889-7AA6-D34502EB617D}.Release|Any CPU.ActiveCfg = Release|Any CPU
		{EFAAD1D9-32F7-C889-7AA6-D34502EB617D}.Release|Any CPU.Build.0 = Release|Any CPU
		{5D0D23BF-CE30-C4EB-3A43-7E4FFFA52B88}.Debug|Any CPU.ActiveCfg = Debug|Any CPU
		{5D0D23BF-CE30-C4EB-3A43-7E4FFFA52B88}.Debug|Any CPU.Build.0 = Debug|Any CPU
		{5D0D23BF-CE30-C4EB-3A43-7E4FFFA52B88}.Release|Any CPU.ActiveCfg = Release|Any CPU
		{5D0D23BF-CE30-C4EB-3A43-7E4FFFA52B88}.Release|Any CPU.Build.0 = Release|Any CPU
		{64A2BAD7-3448-8887-59BD-F5FDB9F75F18}.Debug|Any CPU.ActiveCfg = Debug|Any CPU
		{64A2BAD7-3448-8887-59BD-F5FDB9F75F18}.Debug|Any CPU.Build.0 = Debug|Any CPU
		{64A2BAD7-3448-8887-59BD-F5FDB9F75F18}.Release|Any CPU.ActiveCfg = Release|Any CPU
		{64A2BAD7-3448-8887-59BD-F5FDB9F75F18}.Release|Any CPU.Build.0 = Release|Any CPU
		{A3BBF560-B0CB-D6B9-5E12-1312AC2D9FCB}.Debug|Any CPU.ActiveCfg = Debug|Any CPU
		{A3BBF560-B0CB-D6B9-5E12-1312AC2D9FCB}.Debug|Any CPU.Build.0 = Debug|Any CPU
		{A3BBF560-B0CB-D6B9-5E12-1312AC2D9FCB}.Release|Any CPU.ActiveCfg = Release|Any CPU
		{A3BBF560-B0CB-D6B9-5E12-1312AC2D9FCB}.Release|Any CPU.Build.0 = Release|Any CPU
		{67BBDEE8-55A0-130E-9BD4-FFA070FF3F12}.Debug|Any CPU.ActiveCfg = Debug|Any CPU
		{67BBDEE8-55A0-130E-9BD4-FFA070FF3F12}.Debug|Any CPU.Build.0 = Debug|Any CPU
		{67BBDEE8-55A0-130E-9BD4-FFA070FF3F12}.Release|Any CPU.ActiveCfg = Release|Any CPU
		{67BBDEE8-55A0-130E-9BD4-FFA070FF3F12}.Release|Any CPU.Build.0 = Release|Any CPU
		{8ED988B9-6FB4-E54F-3706-F796248C231E}.Debug|Any CPU.ActiveCfg = Debug|Any CPU
		{8ED988B9-6FB4-E54F-3706-F796248C231E}.Debug|Any CPU.Build.0 = Debug|Any CPU
		{8ED988B9-6FB4-E54F-3706-F796248C231E}.Release|Any CPU.ActiveCfg = Release|Any CPU
		{8ED988B9-6FB4-E54F-3706-F796248C231E}.Release|Any CPU.Build.0 = Release|Any CPU
		{6E0B5D90-B50B-4F66-1E81-E616B269BA96}.Debug|Any CPU.ActiveCfg = Debug|Any CPU
		{6E0B5D90-B50B-4F66-1E81-E616B269BA96}.Debug|Any CPU.Build.0 = Debug|Any CPU
		{6E0B5D90-B50B-4F66-1E81-E616B269BA96}.Release|Any CPU.ActiveCfg = Release|Any CPU
		{6E0B5D90-B50B-4F66-1E81-E616B269BA96}.Release|Any CPU.Build.0 = Release|Any CPU
		{49E19F54-2207-5EE9-29DB-750C79B3F89F}.Debug|Any CPU.ActiveCfg = Debug|Any CPU
		{49E19F54-2207-5EE9-29DB-750C79B3F89F}.Debug|Any CPU.Build.0 = Debug|Any CPU
		{49E19F54-2207-5EE9-29DB-750C79B3F89F}.Release|Any CPU.ActiveCfg = Release|Any CPU
		{49E19F54-2207-5EE9-29DB-750C79B3F89F}.Release|Any CPU.Build.0 = Release|Any CPU
		{FFB14638-0CBD-691E-A763-63C7A4B94382}.Debug|Any CPU.ActiveCfg = Debug|Any CPU
		{FFB14638-0CBD-691E-A763-63C7A4B94382}.Debug|Any CPU.Build.0 = Debug|Any CPU
		{FFB14638-0CBD-691E-A763-63C7A4B94382}.Release|Any CPU.ActiveCfg = Release|Any CPU
		{FFB14638-0CBD-691E-A763-63C7A4B94382}.Release|Any CPU.Build.0 = Release|Any CPU
		{53C0FF04-C9EF-CB7C-BCD5-F9F5742D6C2A}.Debug|Any CPU.ActiveCfg = Debug|Any CPU
		{53C0FF04-C9EF-CB7C-BCD5-F9F5742D6C2A}.Debug|Any CPU.Build.0 = Debug|Any CPU
		{53C0FF04-C9EF-CB7C-BCD5-F9F5742D6C2A}.Release|Any CPU.ActiveCfg = Release|Any CPU
		{53C0FF04-C9EF-CB7C-BCD5-F9F5742D6C2A}.Release|Any CPU.Build.0 = Release|Any CPU
		{39579E4A-B91C-7F38-40B3-AD715BA53CFD}.Debug|Any CPU.ActiveCfg = Debug|Any CPU
		{39579E4A-B91C-7F38-40B3-AD715BA53CFD}.Debug|Any CPU.Build.0 = Debug|Any CPU
		{39579E4A-B91C-7F38-40B3-AD715BA53CFD}.Release|Any CPU.ActiveCfg = Release|Any CPU
		{39579E4A-B91C-7F38-40B3-AD715BA53CFD}.Release|Any CPU.Build.0 = Release|Any CPU
		{F043B2DD-752C-FBB4-088A-E7BB08C9E19E}.Debug|Any CPU.ActiveCfg = Debug|Any CPU
		{F043B2DD-752C-FBB4-088A-E7BB08C9E19E}.Debug|Any CPU.Build.0 = Debug|Any CPU
		{F043B2DD-752C-FBB4-088A-E7BB08C9E19E}.Release|Any CPU.ActiveCfg = Release|Any CPU
		{F043B2DD-752C-FBB4-088A-E7BB08C9E19E}.Release|Any CPU.Build.0 = Release|Any CPU
		{FFAEAF1E-CAAF-7EEF-3D92-799BCFE63B35}.Debug|Any CPU.ActiveCfg = Debug|Any CPU
		{FFAEAF1E-CAAF-7EEF-3D92-799BCFE63B35}.Debug|Any CPU.Build.0 = Debug|Any CPU
		{FFAEAF1E-CAAF-7EEF-3D92-799BCFE63B35}.Release|Any CPU.ActiveCfg = Release|Any CPU
		{FFAEAF1E-CAAF-7EEF-3D92-799BCFE63B35}.Release|Any CPU.Build.0 = Release|Any CPU
		{320F870F-76DB-D01F-6D1D-FA2FB95960BC}.Debug|Any CPU.ActiveCfg = Debug|Any CPU
		{320F870F-76DB-D01F-6D1D-FA2FB95960BC}.Debug|Any CPU.Build.0 = Debug|Any CPU
		{320F870F-76DB-D01F-6D1D-FA2FB95960BC}.Release|Any CPU.ActiveCfg = Release|Any CPU
		{320F870F-76DB-D01F-6D1D-FA2FB95960BC}.Release|Any CPU.Build.0 = Release|Any CPU
		{5F466085-10E3-07F2-FC2E-C79D66245849}.Debug|Any CPU.ActiveCfg = Debug|Any CPU
		{5F466085-10E3-07F2-FC2E-C79D66245849}.Debug|Any CPU.Build.0 = Debug|Any CPU
		{5F466085-10E3-07F2-FC2E-C79D66245849}.Release|Any CPU.ActiveCfg = Release|Any CPU
		{5F466085-10E3-07F2-FC2E-C79D66245849}.Release|Any CPU.Build.0 = Release|Any CPU
		{2EB6E542-B29C-4ECB-038F-F8AB057EDA1A}.Debug|Any CPU.ActiveCfg = Debug|Any CPU
		{2EB6E542-B29C-4ECB-038F-F8AB057EDA1A}.Debug|Any CPU.Build.0 = Debug|Any CPU
		{2EB6E542-B29C-4ECB-038F-F8AB057EDA1A}.Release|Any CPU.ActiveCfg = Release|Any CPU
		{2EB6E542-B29C-4ECB-038F-F8AB057EDA1A}.Release|Any CPU.Build.0 = Release|Any CPU
		{2DD04594-AE5A-7929-28BA-CE8D166C26D2}.Debug|Any CPU.ActiveCfg = Debug|Any CPU
		{2DD04594-AE5A-7929-28BA-CE8D166C26D2}.Debug|Any CPU.Build.0 = Debug|Any CPU
		{2DD04594-AE5A-7929-28BA-CE8D166C26D2}.Release|Any CPU.ActiveCfg = Release|Any CPU
		{2DD04594-AE5A-7929-28BA-CE8D166C26D2}.Release|Any CPU.Build.0 = Release|Any CPU
	EndGlobalSection
	GlobalSection(SolutionProperties) = preSolution
		HideSolutionNode = FALSE
	EndGlobalSection
EndGlobal
